{
  "nodes": {
    "agenix": {
      "inputs": {
        "nixpkgs": [
          "jtojnar-nixfiles",
          "nixpkgs"
        ]
      },
      "locked": {
        "lastModified": 1640802000,
        "narHash": "sha256-ZiI94Zv/IgW64fqKrtVaQqfUCkn9STvAjgfFmvtqcQ8=",
        "owner": "ryantm",
        "repo": "agenix",
        "rev": "c5558c88b2941bf94886dfdede6926b1ba5f5629",
        "type": "github"
      },
      "original": {
        "owner": "ryantm",
        "repo": "agenix",
        "type": "github"
      }
    },
    "aioproxy": {
      "inputs": {
        "flake-utils": [
          "flake-utils"
        ],
        "gomod2nix": [
          "gomod2nix"
        ],
        "nixpkgs": [
          "nixpkgs"
        ]
      },
      "locked": {
        "lastModified": 1631890828,
        "narHash": "sha256-mlYse1hywlZQ8vIIJKPH9xuJmXNydcu8CzWaFVRawhk=",
        "owner": "contrun",
        "repo": "aioproxy",
        "rev": "c873975ca503b651e06364ce4783d3d433f1042f",
        "type": "github"
      },
      "original": {
        "owner": "contrun",
        "repo": "aioproxy",
        "type": "github"
      }
    },
    "authinfo": {
      "flake": false,
      "locked": {
        "lastModified": 1573803694,
        "narHash": "sha256-6517AdiFUvLPmaaigJyPOQCTrfJoxVM/NXdz10n0wDg=",
        "owner": "aartamonau",
        "repo": "authinfo",
        "rev": "0098545479fa81234ebc1c2951610cb8c70f5c44",
        "type": "github"
      },
      "original": {
        "owner": "aartamonau",
        "repo": "authinfo",
        "type": "github"
      }
    },
    "cachix": {
      "locked": {
        "lastModified": 1635350005,
        "narHash": "sha256-tAMJnUwfaDEB2aa31jGcu7R7bzGELM9noc91L2PbVjg=",
        "owner": "nixos",
        "repo": "nixpkgs",
        "rev": "1c1f5649bb9c1b0d98637c8c365228f57126f361",
        "type": "github"
      },
      "original": {
        "owner": "nixos",
        "ref": "nixos-20.09",
        "repo": "nixpkgs",
        "type": "github"
      }
    },
    "cachix_2": {
      "locked": {
        "lastModified": 1641229786,
        "narHash": "sha256-WPPcLNbVu6ryj772GooUpF285LOvRHdOo/UNJgPnFYI=",
        "owner": "nixos",
        "repo": "nixpkgs",
        "rev": "88579effa7e88c25087faf6de6388d0cd1738dc0",
        "type": "github"
      },
      "original": {
        "owner": "nixos",
        "ref": "nixos-21.05",
        "repo": "nixpkgs",
        "type": "github"
      }
    },
    "deploy-rs": {
      "inputs": {
        "flake-compat": [
          "flake-compat"
        ],
        "nixpkgs": [
          "nixpkgs"
        ],
        "utils": [
          "flake-utils"
        ]
      },
      "locked": {
        "lastModified": 1638665590,
        "narHash": "sha256-nhtfL3z4TizWHemyZvgLvq11FhYX5Ya4ke+t6Np5PKQ=",
        "owner": "serokell",
        "repo": "deploy-rs",
        "rev": "715e92a13018bc1745fb680b5860af0c5641026a",
        "type": "github"
      },
      "original": {
        "owner": "serokell",
        "repo": "deploy-rs",
        "type": "github"
      }
    },
    "devshell": {
      "locked": {
        "lastModified": 1639692811,
        "narHash": "sha256-wOOBH0fVsfNqw/5ZWRoKspyesoXBgiwEOUBH4c7JKEo=",
        "owner": "numtide",
        "repo": "devshell",
        "rev": "d3a1f5bec3632b33346865b1c165bf2420bb2f52",
        "type": "github"
      },
      "original": {
        "owner": "numtide",
        "repo": "devshell",
        "type": "github"
      }
    },
    "dotfiles": {
      "locked": {
        "lastModified": 1640879145,
        "narHash": "sha256-xiW9p4Hmk3q4mAVr1aDzcSYcXV2WRXXz6fRgapUNsRQ=",
        "owner": "contrun",
        "repo": "dotfiles",
        "rev": "b2c83d8aaf8493b53dcc75e999068aa16bffa2a0",
        "type": "github"
      },
      "original": {
        "owner": "contrun",
        "repo": "dotfiles",
        "type": "github"
      }
    },
    "dwarffs": {
      "inputs": {
        "nix": [
          "jtojnar-nixfiles",
          "nixpkgs"
        ],
        "nixpkgs": [
          "jtojnar-nixfiles",
          "nixpkgs"
        ]
      },
      "locked": {
        "lastModified": 1611240086,
        "narHash": "sha256-z8NmKUm7rfcAIkwtO4JZZo2KKDNQmHyExgNFRRzi1kM=",
        "owner": "edolstra",
        "repo": "dwarffs",
        "rev": "f691e2c991e75edb22836f1dbe632c40324215c5",
        "type": "github"
      },
      "original": {
        "owner": "edolstra",
        "repo": "dwarffs",
        "type": "github"
      }
    },
    "emacs-overlay": {
      "locked": {
        "lastModified": 1641551382,
        "narHash": "sha256-b9Tu6OSZg2QfD2c0UaAPPBufJ8Da/+fJxeozNr2CEEE=",
        "owner": "nix-community",
        "repo": "emacs-overlay",
        "rev": "a24f805ba1240a7adcf95e01d241a9ef2ed80bb7",
        "type": "github"
      },
      "original": {
        "owner": "nix-community",
        "repo": "emacs-overlay",
        "type": "github"
      }
    },
    "flake-compat": {
      "flake": false,
      "locked": {
        "lastModified": 1641205782,
        "narHash": "sha256-4jY7RCWUoZ9cKD8co0/4tFARpWB+57+r1bLLvXNJliY=",
        "owner": "edolstra",
        "repo": "flake-compat",
        "rev": "b7547d3eed6f32d06102ead8991ec52ab0a4f1a7",
        "type": "github"
      },
      "original": {
        "owner": "edolstra",
        "repo": "flake-compat",
        "type": "github"
      }
    },
    "flake-compat-result": {
      "flake": false,
      "locked": {
        "lastModified": 1631705391,
        "narHash": "sha256-PzP6vikNJZiS7yANC6sZWQlIDf4E2MTckvAsJxwV0DQ=",
        "owner": "teto",
        "repo": "flake-compat",
        "rev": "8e15c6e3c0f15d0687a2ab6ae92cc7fab896bfed",
        "type": "github"
      },
      "original": {
        "owner": "teto",
        "repo": "flake-compat",
        "rev": "8e15c6e3c0f15d0687a2ab6ae92cc7fab896bfed",
        "type": "github"
      }
    },
    "flake-firefox-nightly": {
      "inputs": {
        "cachix": "cachix",
        "mozilla": "mozilla",
        "nixpkgs": [
          "nixpkgs"
        ]
      },
      "locked": {
        "lastModified": 1641565285,
        "narHash": "sha256-CLzoiYN5dHpXjPagHawLd4Ldjp9Bms1XXU+FJzOCT8o=",
        "owner": "colemickens",
        "repo": "flake-firefox-nightly",
        "rev": "2c63159f503ea9e90056198dca3151f9d5c90a9a",
        "type": "github"
      },
      "original": {
        "owner": "colemickens",
        "repo": "flake-firefox-nightly",
        "type": "github"
      }
    },
    "flake-utils": {
      "locked": {
        "lastModified": 1638122382,
        "narHash": "sha256-sQzZzAbvKEqN9s0bzWuYmRaA03v40gaJ4+iL1LXjaeI=",
        "owner": "numtide",
        "repo": "flake-utils",
        "rev": "74f7e4319258e287b0f9cb95426c9853b282730b",
        "type": "github"
      },
      "original": {
        "owner": "numtide",
        "repo": "flake-utils",
        "type": "github"
      }
    },
    "flake-utils_2": {
      "locked": {
        "lastModified": 1631561581,
        "narHash": "sha256-3VQMV5zvxaVLvqqUrNz3iJelLw30mIVSfZmAaauM3dA=",
        "owner": "numtide",
        "repo": "flake-utils",
        "rev": "7e5bf3925f6fbdfaf50a2a7ca0be2879c4261d19",
        "type": "github"
      },
      "original": {
        "owner": "numtide",
        "repo": "flake-utils",
        "type": "github"
      }
    },
    "gomod2nix": {
      "inputs": {
        "nixpkgs": [
          "nixpkgs"
        ],
        "utils": [
          "flake-utils"
        ]
      },
      "locked": {
        "lastModified": 1639197850,
        "narHash": "sha256-Qknxy+YjVA39v/LwiUNsAcMAg9Df8aYAuqkH+EiAHRA=",
        "owner": "tweag",
        "repo": "gomod2nix",
        "rev": "596d01fd55ed8521853807df1f4e9d858cf75d7e",
        "type": "github"
      },
      "original": {
        "owner": "tweag",
        "repo": "gomod2nix",
        "type": "github"
      }
    },
    "helix": {
      "inputs": {
        "nixCargoIntegration": "nixCargoIntegration",
        "nixpkgs": [
          "nixpkgs"
        ],
        "rust-overlay": [
          "rust-overlay"
        ]
      },
      "locked": {
        "lastModified": 1641481200,
        "narHash": "sha256-QYY0zL13W36Iofi+y/DJOsfY87Ujnrgh5lbMrTTZm7w=",
        "owner": "helix-editor",
        "repo": "helix",
        "rev": "a8fd33ac012a79069ef1409503a2edcf3a585153",
        "type": "github"
      },
      "original": {
        "owner": "helix-editor",
        "repo": "helix",
        "type": "github"
      }
    },
    "home-manager": {
      "inputs": {
        "nixpkgs": [
          "nixpkgs"
        ]
      },
      "locked": {
        "lastModified": 1641459437,
        "narHash": "sha256-z0IOcc6LLbVhyri/aTyWzRqJs3p1pBK9idOiMwCWiqs=",
        "owner": "nix-community",
        "repo": "home-manager",
        "rev": "c751aeb19e84a0a777f36fd5ea73482a066bb406",
        "type": "github"
      },
      "original": {
        "owner": "nix-community",
        "repo": "home-manager",
        "type": "github"
      }
    },
    "jtojnar-nixfiles": {
      "inputs": {
        "agenix": "agenix",
        "dwarffs": "dwarffs",
        "flake-compat": [
          "flake-compat"
        ],
        "home-manager": [
          "home-manager"
        ],
        "naersk": "naersk",
        "napalm": "napalm",
        "nixgl": "nixgl",
        "nixpkgs": [
          "nixpkgs"
        ],
        "nixpkgs-mozilla": "nixpkgs-mozilla"
      },
      "locked": {
        "lastModified": 1641504351,
        "narHash": "sha256-iRCflYk0+KatuuL66OQXKFKqxO/ukopiVvHC6/U12Uo=",
        "owner": "jtojnar",
        "repo": "nixfiles",
        "rev": "ec03572cd57f94a11fd25e8d5de6c93b33d4d3a8",
        "type": "github"
      },
      "original": {
        "owner": "jtojnar",
        "repo": "nixfiles",
        "type": "github"
      }
    },
    "mozilla": {
      "flake": false,
      "locked": {
        "lastModified": 1638887313,
        "narHash": "sha256-FMYV6rVtvSIfthgC1sK1xugh3y7muoQcvduMdriz4ag=",
        "owner": "mozilla",
        "repo": "nixpkgs-mozilla",
        "rev": "7c1e8b1dd6ed0043fb4ee0b12b815256b0b9de6f",
        "type": "github"
      },
      "original": {
        "owner": "mozilla",
        "repo": "nixpkgs-mozilla",
        "type": "github"
      }
    },
    "naersk": {
      "inputs": {
        "nixpkgs": [
          "jtojnar-nixfiles",
          "nixpkgs"
        ]
      },
      "locked": {
        "lastModified": 1639947939,
        "narHash": "sha256-pGsM8haJadVP80GFq4xhnSpNitYNQpaXk4cnA796Cso=",
        "owner": "nmattia",
        "repo": "naersk",
        "rev": "2fc8ce9d3c025d59fee349c1f80be9785049d653",
        "type": "github"
      },
      "original": {
        "owner": "nmattia",
        "repo": "naersk",
        "type": "github"
      }
    },
    "napalm": {
      "inputs": {
        "flake-utils": "flake-utils_2",
        "nixpkgs": [
          "jtojnar-nixfiles",
          "nixpkgs"
        ]
      },
      "locked": {
        "lastModified": 1632635578,
        "narHash": "sha256-Gv0AmnxMGy9a5oC1hxPtzL467s4ibc2Jx9w4eCj4WPU=",
        "owner": "nix-community",
        "repo": "napalm",
        "rev": "b60e529d203284a6680c4adec766ad20d885bab2",
        "type": "github"
      },
      "original": {
        "owner": "nix-community",
        "repo": "napalm",
        "type": "github"
      }
    },
    "nix-autobahn": {
      "inputs": {
        "flake-utils": [
          "flake-utils"
        ],
        "nixpkgs": [
          "nixpkgs"
        ]
      },
      "locked": {
        "lastModified": 1640799701,
        "narHash": "sha256-AFtEXmDNCn87HIuhos0OyptGEmIHx+Fj60KpjY7UFE0=",
        "owner": "Lassulus",
        "repo": "nix-autobahn",
        "rev": "31e2378025819cfaa9ea62eea858b6535488aa39",
        "type": "github"
      },
      "original": {
        "owner": "Lassulus",
        "repo": "nix-autobahn",
        "type": "github"
      }
    },
    "nix-ld": {
      "inputs": {
        "nixpkgs": [
          "nixpkgs"
        ],
        "utils": [
          "flake-utils"
        ]
      },
      "locked": {
        "lastModified": 1637574694,
        "narHash": "sha256-UHYvqGnsU4h5/Kt3gbiRbaMcN7hJ8u7ey8t4qO8maUI=",
        "owner": "Mic92",
        "repo": "nix-ld",
        "rev": "6faa38511602d9c1c5ae44eaa0fc531e4b657576",
        "type": "github"
      },
      "original": {
        "owner": "Mic92",
        "repo": "nix-ld",
        "type": "github"
      }
    },
    "nixCargoIntegration": {
      "inputs": {
        "devshell": "devshell",
        "nixpkgs": [
          "helix",
          "nixpkgs"
        ],
        "rustOverlay": [
          "helix",
          "rust-overlay"
        ]
      },
      "locked": {
        "lastModified": 1639807801,
        "narHash": "sha256-y32tMq1LTRVbMW3QN5i98iOQjQt2QSsif3ayUkD1o3g=",
        "owner": "yusdacra",
        "repo": "nix-cargo-integration",
        "rev": "b5bbaa4f5239e6f0619846f9a5380f07baa853d3",
        "type": "github"
      },
      "original": {
        "owner": "yusdacra",
        "repo": "nix-cargo-integration",
        "type": "github"
      }
    },
    "nixgl": {
      "flake": false,
      "locked": {
        "lastModified": 1640912150,
        "narHash": "sha256-BERCTgnV1GtDjmMxAVy2CRdOoxk7AG1vEDvYPiIjk0s=",
        "owner": "guibou",
        "repo": "nixGL",
        "rev": "58ab858a1b1059184e0cdb358f3470fa8ededeac",
        "type": "github"
      },
      "original": {
        "owner": "guibou",
        "repo": "nixGL",
        "type": "github"
      }
    },
    "nixos-vscode-server": {
      "flake": false,
      "locked": {
        "lastModified": 1635606323,
        "narHash": "sha256-t782ucKRoatIQn8BJtJZVcmu+KFq21hX+nO/ZXLmWAE=",
        "owner": "msteen",
        "repo": "nixos-vscode-server",
        "rev": "bc28cc2a7d866b32a8358c6ad61bea68a618a3f5",
        "type": "github"
      },
      "original": {
        "owner": "msteen",
        "repo": "nixos-vscode-server",
        "type": "github"
      }
    },
    "nixpkgs": {
      "locked": {
        "lastModified": 1641528457,
        "narHash": "sha256-FyU9E63n1W7Ql4pMnhW2/rO9OftWZ37pLppn/c1aisY=",
        "owner": "nixos",
        "repo": "nixpkgs",
        "rev": "ff377a78794d412a35245e05428c8f95fef3951f",
        "type": "github"
      },
      "original": {
        "owner": "nixos",
        "ref": "nixos-unstable",
        "repo": "nixpkgs",
        "type": "github"
      }
    },
    "nixpkgs-mozilla": {
      "flake": false,
      "locked": {
        "lastModified": 1638887313,
        "narHash": "sha256-FMYV6rVtvSIfthgC1sK1xugh3y7muoQcvduMdriz4ag=",
        "owner": "mozilla",
        "repo": "nixpkgs-mozilla",
        "rev": "7c1e8b1dd6ed0043fb4ee0b12b815256b0b9de6f",
        "type": "github"
      },
      "original": {
        "owner": "mozilla",
        "repo": "nixpkgs-mozilla",
        "type": "github"
      }
    },
    "nixpkgs-mozilla_2": {
      "flake": false,
      "locked": {
        "lastModified": 1638887313,
        "narHash": "sha256-FMYV6rVtvSIfthgC1sK1xugh3y7muoQcvduMdriz4ag=",
        "owner": "mozilla",
        "repo": "nixpkgs-mozilla",
        "rev": "7c1e8b1dd6ed0043fb4ee0b12b815256b0b9de6f",
        "type": "github"
      },
      "original": {
        "owner": "mozilla",
        "repo": "nixpkgs-mozilla",
        "type": "github"
      }
    },
    "nixpkgs-nixpkgs-unstable": {
      "locked": {
        "lastModified": 1641521701,
        "narHash": "sha256-IuW+4EqqKjNdJ4yO0Qr8k63OkyV1TaF5vsrZzU3GCfI=",
        "owner": "NixOS",
        "repo": "nixpkgs",
        "rev": "d77bbfcbb650d9c219ca3286e1efb707b922d7c2",
        "type": "github"
      },
      "original": {
        "owner": "NixOS",
        "ref": "nixpkgs-unstable",
        "repo": "nixpkgs",
        "type": "github"
      }
    },
    "nixpkgs-stable": {
      "locked": {
        "lastModified": 1635350005,
        "narHash": "sha256-tAMJnUwfaDEB2aa31jGcu7R7bzGELM9noc91L2PbVjg=",
        "owner": "NixOS",
        "repo": "nixpkgs",
        "rev": "1c1f5649bb9c1b0d98637c8c365228f57126f361",
        "type": "github"
      },
      "original": {
        "owner": "NixOS",
        "ref": "nixos-20.09",
        "repo": "nixpkgs",
        "type": "github"
      }
    },
    "nixpkgs-unstable": {
      "locked": {
        "lastModified": 1641528457,
        "narHash": "sha256-FyU9E63n1W7Ql4pMnhW2/rO9OftWZ37pLppn/c1aisY=",
        "owner": "NixOS",
        "repo": "nixpkgs",
        "rev": "ff377a78794d412a35245e05428c8f95fef3951f",
        "type": "github"
      },
      "original": {
        "owner": "NixOS",
        "ref": "nixos-unstable",
        "repo": "nixpkgs",
        "type": "github"
      }
    },
    "nixpkgs-wayland": {
      "inputs": {
        "cachix": "cachix_2",
        "nixpkgs": [
          "nixpkgs"
        ]
      },
      "locked": {
        "lastModified": 1641570699,
        "narHash": "sha256-2Ra6/iNQAz57gmiT8UniQG6xSdKwyQBs2CLewjy02eg=",
        "owner": "nix-community",
        "repo": "nixpkgs-wayland",
        "rev": "9a8a5083f41083f49993a3f1e1100769c1489d1a",
        "type": "github"
      },
      "original": {
        "owner": "nix-community",
        "repo": "nixpkgs-wayland",
        "type": "github"
      }
    },
    "nur-no-pkgs": {
      "locked": {
        "lastModified": 1641571873,
        "narHash": "sha256-URcmPl3StAe9KaT/N1h7s5qTYz/QW//09f1LxvQeAz8=",
        "owner": "nix-community",
        "repo": "NUR",
        "rev": "68d73650ddbbb06b9d480e76a9d23625da083429",
        "type": "github"
      },
      "original": {
        "owner": "nix-community",
        "repo": "NUR",
        "type": "github"
      }
    },
    "old-ghc-nix": {
      "flake": false,
      "locked": {
        "lastModified": 1620730237,
        "narHash": "sha256-zRrvP/EVgCvyyjBSv51jFn9rrNRFw8WI7WnSQ93E0Uk=",
        "owner": "mpickering",
        "repo": "old-ghc-nix",
        "rev": "11837e907c04e941a92381fd74e404f20b772e27",
        "type": "github"
      },
      "original": {
        "owner": "mpickering",
        "repo": "old-ghc-nix",
        "type": "github"
      }
    },
    "root": {
      "inputs": {
        "aioproxy": "aioproxy",
        "authinfo": "authinfo",
        "deploy-rs": "deploy-rs",
        "dotfiles": "dotfiles",
        "emacs-overlay": "emacs-overlay",
        "flake-compat": "flake-compat",
        "flake-compat-result": "flake-compat-result",
        "flake-firefox-nightly": "flake-firefox-nightly",
        "flake-utils": "flake-utils",
        "gomod2nix": "gomod2nix",
        "helix": "helix",
        "home-manager": "home-manager",
        "jtojnar-nixfiles": "jtojnar-nixfiles",
        "nix-autobahn": "nix-autobahn",
        "nix-ld": "nix-ld",
        "nixos-vscode-server": "nixos-vscode-server",
        "nixpkgs": "nixpkgs",
        "nixpkgs-mozilla": "nixpkgs-mozilla_2",
        "nixpkgs-nixpkgs-unstable": "nixpkgs-nixpkgs-unstable",
        "nixpkgs-stable": "nixpkgs-stable",
        "nixpkgs-unstable": "nixpkgs-unstable",
        "nixpkgs-wayland": "nixpkgs-wayland",
        "nur-no-pkgs": "nur-no-pkgs",
        "old-ghc-nix": "old-ghc-nix",
        "rust-overlay": "rust-overlay",
        "smos": "smos",
        "sops-nix": "sops-nix"
      }
    },
    "rust-overlay": {
      "inputs": {
        "flake-utils": [
          "flake-utils"
        ],
        "nixpkgs": [
          "nixpkgs"
        ]
      },
      "locked": {
        "lastModified": 1641523448,
        "narHash": "sha256-BqjEj4tPsmv4igNv+d3t8xDRVmVf6NJN13tVDKSZnrA=",
        "owner": "oxalica",
        "repo": "rust-overlay",
        "rev": "844ee700e1886b5826b809ecaef03cbd96b0b049",
        "type": "github"
      },
      "original": {
        "owner": "oxalica",
        "repo": "rust-overlay",
        "type": "github"
      }
    },
    "smos": {
      "flake": false,
      "locked": {
        "lastModified": 1639007428,
        "narHash": "sha256-R4EMgQILIKSLF0AksvB0C6HHhCgwsmfCZIUVUugaCa4=",
        "owner": "NorfairKing",
        "repo": "smos",
        "rev": "489f5b510c9a30a3c79fef0a0d1a796464705923",
        "type": "github"
      },
      "original": {
        "owner": "NorfairKing",
        "repo": "smos",
        "type": "github"
      }
    },
    "sops-nix": {
      "inputs": {
        "nixpkgs": [
          "nixpkgs"
        ]
      },
      "locked": {
        "lastModified": 1641374494,
        "narHash": "sha256-a56G6Um43+0+n+yNYhRCh/mSvDdRVzQHSKcFaDEB9/8=",
        "owner": "Mic92",
        "repo": "sops-nix",
        "rev": "7edb4b080023ef12f39262a3aa7aab31015a7a0e",
        "type": "github"
      },
      "original": {
        "owner": "Mic92",
        "repo": "sops-nix",
        "type": "github"
      }
    }
  },
  "root": "root",
  "version": 7
}
