{
  "nodes": {
    "aioproxy": {
      "inputs": {
        "flake-utils": [
          "flake-utils"
        ],
        "gomod2nix": [
          "gomod2nix"
        ],
        "nixpkgs": [
          "nixpkgs"
        ]
      },
      "locked": {
        "lastModified": 1618402489,
        "narHash": "sha256-DIrMnZL1ntSU6iqFJ9/zzj4dYFj74nHwrgnc/av8wBE=",
        "owner": "contrun",
        "repo": "aioproxy",
        "rev": "bfaf0d09b22b6483b64af4a648a4cbf14050f576",
        "type": "github"
      },
      "original": {
        "owner": "contrun",
        "ref": "master",
        "repo": "aioproxy",
        "type": "github"
      }
    },
    "authinfo": {
      "flake": false,
      "locked": {
        "lastModified": 1573803694,
        "narHash": "sha256-6517AdiFUvLPmaaigJyPOQCTrfJoxVM/NXdz10n0wDg=",
        "owner": "aartamonau",
        "repo": "authinfo",
        "rev": "0098545479fa81234ebc1c2951610cb8c70f5c44",
        "type": "github"
      },
      "original": {
        "owner": "aartamonau",
        "repo": "authinfo",
        "type": "github"
      }
    },
    "cachix": {
      "locked": {
        "lastModified": 1624879119,
        "narHash": "sha256-9eHpsXzw0Gwku8Ked7sWZozE4xJtUfJYnrRjUqrEPz4=",
        "owner": "nixos",
        "repo": "nixpkgs",
        "rev": "1b42ce6bead608458d8a9edc45c3f5f242e620f3",
        "type": "github"
      },
      "original": {
        "owner": "nixos",
        "ref": "nixos-20.09",
        "repo": "nixpkgs",
        "type": "github"
      }
    },
    "deploy-rs": {
      "inputs": {
        "flake-compat": "flake-compat",
        "naersk": "naersk",
        "nixpkgs": [
          "nixpkgs"
        ],
        "utils": [
          "flake-utils"
        ]
      },
      "locked": {
        "lastModified": 1624477559,
        "narHash": "sha256-5lxwWMhCc+y+oSmDO7b9LNy20o9b/V5OKO9XS7gLxzE=",
        "owner": "serokell",
        "repo": "deploy-rs",
        "rev": "0964acc95051bd2b2d3ea0c9ab691e7be6eda7c0",
        "type": "github"
      },
      "original": {
        "owner": "serokell",
        "repo": "deploy-rs",
        "type": "github"
      }
    },
    "dotfiles": {
      "locked": {
        "lastModified": 1624599787,
        "narHash": "sha256-B44rOWnQtbMfdlHUl5sGx71k7Tgs4ifmdkRbdviTqpM=",
        "owner": "contrun",
        "repo": "dotfiles",
        "rev": "3afc0458821427f55cbdc54a09b3533c0022f24a",
        "type": "github"
      },
      "original": {
        "owner": "contrun",
        "repo": "dotfiles",
        "type": "github"
      }
    },
    "dwarffs": {
      "inputs": {
        "nix": [
          "nixpkgs"
        ],
        "nixpkgs": [
          "nixpkgs"
        ]
      },
      "locked": {
        "lastModified": 1611240086,
        "narHash": "sha256-z8NmKUm7rfcAIkwtO4JZZo2KKDNQmHyExgNFRRzi1kM=",
        "owner": "edolstra",
        "repo": "dwarffs",
        "rev": "f691e2c991e75edb22836f1dbe632c40324215c5",
        "type": "github"
      },
      "original": {
        "owner": "edolstra",
        "repo": "dwarffs",
        "type": "github"
      }
    },
    "emacs-overlay": {
      "locked": {
        "lastModified": 1624958810,
        "narHash": "sha256-5p62Tnd7zR1NUALWbGpYOHgVTbKA6N5BMgQU3BzuYdk=",
        "owner": "nix-community",
        "repo": "emacs-overlay",
        "rev": "69e552cb9308fcba9351cb678fab468ad04d402e",
        "type": "github"
      },
      "original": {
        "owner": "nix-community",
        "repo": "emacs-overlay",
        "type": "github"
      }
    },
    "flake-compat": {
      "flake": false,
      "locked": {
        "lastModified": 1606424373,
        "narHash": "sha256-oq8d4//CJOrVj+EcOaSXvMebvuTkmBJuT5tzlfewUnQ=",
        "owner": "edolstra",
        "repo": "flake-compat",
        "rev": "99f1c2157fba4bfe6211a321fd0ee43199025dbf",
        "type": "github"
      },
      "original": {
        "owner": "edolstra",
        "repo": "flake-compat",
        "type": "github"
      }
    },
    "flake-compat_2": {
      "flake": false,
      "locked": {
        "lastModified": 1606424373,
        "narHash": "sha256-oq8d4//CJOrVj+EcOaSXvMebvuTkmBJuT5tzlfewUnQ=",
        "owner": "edolstra",
        "repo": "flake-compat",
        "rev": "99f1c2157fba4bfe6211a321fd0ee43199025dbf",
        "type": "github"
      },
      "original": {
        "owner": "edolstra",
        "repo": "flake-compat",
        "type": "github"
      }
    },
    "flake-firefox-nightly": {
      "inputs": {
        "cachix": "cachix",
        "mozilla": "mozilla",
        "nixpkgs": [
          "nixpkgs"
        ]
      },
      "locked": {
        "lastModified": 1624967400,
        "narHash": "sha256-FdcchA7sM/4/7KXmE3TFYGHjxqb+cx6qe/srSOJ2MgY=",
        "owner": "colemickens",
        "repo": "flake-firefox-nightly",
        "rev": "ab1bc1e7e0c988f2a12331b7c6d31d6f6f016364",
        "type": "github"
      },
      "original": {
        "owner": "colemickens",
        "repo": "flake-firefox-nightly",
        "type": "github"
      }
    },
    "flake-utils": {
      "locked": {
        "lastModified": 1623875721,
        "narHash": "sha256-A8BU7bjS5GirpAUv4QA+QnJ4CceLHkcXdRp4xITDB0s=",
        "owner": "numtide",
        "repo": "flake-utils",
        "rev": "f7e004a55b120c02ecb6219596820fcd32ca8772",
        "type": "github"
      },
      "original": {
        "owner": "numtide",
        "repo": "flake-utils",
        "type": "github"
      }
    },
    "gomod2nix": {
      "inputs": {
        "nixpkgs": [
          "nixpkgs"
        ],
        "utils": [
          "flake-utils"
        ]
      },
      "locked": {
        "lastModified": 1617032337,
        "narHash": "sha256-BTmMxdIJyjOvOpNOaExcyvmJKI9OuhpWyXfOK164Epc=",
        "owner": "tweag",
        "repo": "gomod2nix",
        "rev": "c78d7b9f15a24eba95fbc228509f513c83709d8b",
        "type": "github"
      },
      "original": {
        "owner": "tweag",
        "repo": "gomod2nix",
        "type": "github"
      }
    },
    "home-manager": {
      "inputs": {
        "nixpkgs": [
          "nixpkgs"
        ]
      },
      "locked": {
        "lastModified": 1624915020,
        "narHash": "sha256-d4kii6o0giPL2BVPey99dcSGw++AR2g19fOqj23rc+Q=",
        "owner": "nix-community",
        "repo": "home-manager",
        "rev": "9b7a90daa17022c428e3b6da36814f5f9a804a35",
        "type": "github"
      },
      "original": {
        "owner": "nix-community",
        "ref": "master",
        "repo": "home-manager",
        "type": "github"
      }
    },
    "jtojnar-nixfiles": {
      "inputs": {
        "dwarffs": "dwarffs",
        "flake-compat": "flake-compat_2",
        "home-manager": [
          "home-manager"
        ],
        "naersk": "naersk_2",
        "napalm": "napalm",
        "nixgl": "nixgl",
        "nixpkgs": [
          "nixpkgs"
        ],
        "nixpkgs-mozilla": "nixpkgs-mozilla",
        "npmlock2nix": "npmlock2nix"
      },
      "locked": {
        "lastModified": 1623771176,
        "narHash": "sha256-18S7jykjkOHFLF1op7QAq5eFFR3wSYGIBPdB1cWhrUc=",
        "owner": "jtojnar",
        "repo": "nixfiles",
        "rev": "28a348c486e749f15be23f59e7cbea8efb08378f",
        "type": "github"
      },
      "original": {
        "owner": "jtojnar",
        "repo": "nixfiles",
        "type": "github"
      }
    },
    "mozilla": {
      "flake": false,
      "locked": {
        "lastModified": 1622726979,
        "narHash": "sha256-JCBPZVQ4aGe3cmnQc1tjJRwaxqz1b60piQz+/F9CMtc=",
        "owner": "mozilla",
        "repo": "nixpkgs-mozilla",
        "rev": "3f3fba4e2066f28a1ad7ac60e86a688a92eb5b5f",
        "type": "github"
      },
      "original": {
        "owner": "mozilla",
        "repo": "nixpkgs-mozilla",
        "type": "github"
      }
    },
    "naersk": {
      "inputs": {
        "nixpkgs": [
          "nixpkgs"
        ]
      },
      "locked": {
        "lastModified": 1622810282,
        "narHash": "sha256-4wmvM3/xfD0hCdNDIXVzRMfL4yB1J+DjH6Zte2xbAxk=",
        "owner": "nmattia",
        "repo": "naersk",
        "rev": "e8061169e1495871b56be97c5c51d310fae01374",
        "type": "github"
      },
      "original": {
        "owner": "nmattia",
        "ref": "master",
        "repo": "naersk",
        "type": "github"
      }
    },
    "naersk_2": {
      "inputs": {
        "nixpkgs": [
          "nixpkgs"
        ]
      },
      "locked": {
        "lastModified": 1623324658,
        "narHash": "sha256-TjWmZPH/xbUi7Xuj2EigB9sTOpqsiFmnv7m6+QgTDrA=",
        "owner": "nmattia",
        "repo": "naersk",
        "rev": "4f7426c362809e472d03c369d3674317c32b6863",
        "type": "github"
      },
      "original": {
        "owner": "nmattia",
        "repo": "naersk",
        "type": "github"
      }
    },
    "napalm": {
      "inputs": {
        "nixpkgs": [
          "nixpkgs"
        ]
      },
      "locked": {
        "lastModified": 1604997796,
        "narHash": "sha256-XxRQvE8FbmaUn5F0VFRt9x9Yg/dJJx8O2ZkeGtUsHTg=",
        "owner": "nmattia",
        "repo": "napalm",
        "rev": "7c0c62207b6e70168dab91ba85d7d2568c3e0157",
        "type": "github"
      },
      "original": {
        "owner": "nmattia",
        "repo": "napalm",
        "type": "github"
      }
    },
    "nixgl": {
      "flake": false,
      "locked": {
        "lastModified": 1621410432,
        "narHash": "sha256-OHCtF0HL0E/LNnT8jNeBIpoKTTjvTD5Oo6uQuqVzXAA=",
        "owner": "guibou",
        "repo": "nixGL",
        "rev": "44015623da7bb650060277596ce7ef42018c97d5",
        "type": "github"
      },
      "original": {
        "owner": "guibou",
        "repo": "nixGL",
        "type": "github"
      }
    },
    "nixpkgs": {
      "locked": {
        "lastModified": 1624626397,
        "narHash": "sha256-+h0ulo5//RqStx6g6MDqD9MzgmBfeZ1VYxwEaSmw/Zs=",
        "owner": "nixos",
        "repo": "nixpkgs",
        "rev": "e1f8852faac7638e88d5e8a5b9ee2a7568685e3f",
        "type": "github"
      },
      "original": {
        "owner": "nixos",
        "ref": "nixos-unstable",
        "repo": "nixpkgs",
        "type": "github"
      }
    },
    "nixpkgs-mozilla": {
      "flake": false,
      "locked": {
        "lastModified": 1612892239,
        "narHash": "sha256-jwrdJvaDl+kCRH3LFYuL9KweXO7fCTXxLovKja6xqbk=",
        "owner": "andersk",
        "repo": "nixpkgs-mozilla",
        "rev": "3499e085fb6ae1a846bcf425fa9c98a3b77480da",
        "type": "github"
      },
      "original": {
        "owner": "andersk",
        "ref": "stdenv.lib",
        "repo": "nixpkgs-mozilla",
        "type": "github"
      }
    },
    "nixpkgs-mozilla_2": {
      "flake": false,
      "locked": {
        "lastModified": 1622726979,
        "narHash": "sha256-JCBPZVQ4aGe3cmnQc1tjJRwaxqz1b60piQz+/F9CMtc=",
        "owner": "mozilla",
        "repo": "nixpkgs-mozilla",
        "rev": "3f3fba4e2066f28a1ad7ac60e86a688a92eb5b5f",
        "type": "github"
      },
      "original": {
        "owner": "mozilla",
        "repo": "nixpkgs-mozilla",
        "type": "github"
      }
    },
    "nixpkgs-nixpkgs-unstable": {
      "locked": {
        "lastModified": 1624668028,
        "narHash": "sha256-FUxvXMBPQ5jrGhS47jwBFZQte0yDkMCBI5M24mJi5X0=",
        "owner": "NixOS",
        "repo": "nixpkgs",
        "rev": "e85975942742a3728226ac22a3415f2355bfc897",
        "type": "github"
      },
      "original": {
        "owner": "NixOS",
        "ref": "nixpkgs-unstable",
        "repo": "nixpkgs",
        "type": "github"
      }
    },
    "nixpkgs-stable": {
      "locked": {
        "lastModified": 1624879119,
        "narHash": "sha256-9eHpsXzw0Gwku8Ked7sWZozE4xJtUfJYnrRjUqrEPz4=",
        "owner": "NixOS",
        "repo": "nixpkgs",
        "rev": "1b42ce6bead608458d8a9edc45c3f5f242e620f3",
        "type": "github"
      },
      "original": {
        "owner": "NixOS",
        "ref": "nixos-20.09",
        "repo": "nixpkgs",
        "type": "github"
      }
    },
    "nixpkgs-unstable": {
      "locked": {
        "lastModified": 1624626397,
        "narHash": "sha256-+h0ulo5//RqStx6g6MDqD9MzgmBfeZ1VYxwEaSmw/Zs=",
        "owner": "NixOS",
        "repo": "nixpkgs",
        "rev": "e1f8852faac7638e88d5e8a5b9ee2a7568685e3f",
        "type": "github"
      },
      "original": {
        "owner": "NixOS",
        "ref": "nixos-unstable",
        "repo": "nixpkgs",
        "type": "github"
      }
    },
    "npmlock2nix": {
      "flake": false,
      "locked": {
        "lastModified": 1623530217,
        "narHash": "sha256-/X970SY1RHpIsMva/dFIDI+jscMf7+L6UZAFx4n5I1o=",
        "owner": "tweag",
        "repo": "npmlock2nix",
        "rev": "8ada8945e05b215f3fffbd10111f266ea70bb502",
        "type": "github"
      },
      "original": {
        "owner": "tweag",
        "repo": "npmlock2nix",
        "type": "github"
      }
    },
    "nur-no-pkgs": {
      "locked": {
        "lastModified": 1624955944,
        "narHash": "sha256-SO42jje0Cos6n5E7ck2O0HDN0vofQa6PB51stoAtJ+c=",
        "owner": "nix-community",
        "repo": "NUR",
        "rev": "bd24c411db2bd68b3b996483bb636a2d3140e401",
        "type": "github"
      },
      "original": {
        "owner": "nix-community",
        "ref": "master",
        "repo": "NUR",
        "type": "github"
      }
    },
    "old-ghc-nix": {
      "flake": false,
      "locked": {
        "lastModified": 1620730237,
        "narHash": "sha256-zRrvP/EVgCvyyjBSv51jFn9rrNRFw8WI7WnSQ93E0Uk=",
        "owner": "mpickering",
        "repo": "old-ghc-nix",
        "rev": "11837e907c04e941a92381fd74e404f20b772e27",
        "type": "github"
      },
      "original": {
        "owner": "mpickering",
        "repo": "old-ghc-nix",
        "type": "github"
      }
    },
    "root": {
      "inputs": {
        "aioproxy": "aioproxy",
        "authinfo": "authinfo",
        "deploy-rs": "deploy-rs",
        "dotfiles": "dotfiles",
        "emacs-overlay": "emacs-overlay",
        "flake-firefox-nightly": "flake-firefox-nightly",
        "flake-utils": "flake-utils",
        "gomod2nix": "gomod2nix",
        "home-manager": "home-manager",
        "jtojnar-nixfiles": "jtojnar-nixfiles",
        "nixpkgs": "nixpkgs",
        "nixpkgs-mozilla": "nixpkgs-mozilla_2",
        "nixpkgs-nixpkgs-unstable": "nixpkgs-nixpkgs-unstable",
        "nixpkgs-stable": "nixpkgs-stable",
        "nixpkgs-unstable": "nixpkgs-unstable",
        "nur-no-pkgs": "nur-no-pkgs",
        "old-ghc-nix": "old-ghc-nix",
        "sops-nix": "sops-nix"
      }
    },
    "sops-nix": {
      "inputs": {
        "nixpkgs": [
          "nixpkgs"
        ]
      },
      "locked": {
        "lastModified": 1622915462,
        "narHash": "sha256-Hr/DVKUnQt3BTR3o4vzux1Ed1mciKZOrCRWuwORzt4Y=",
        "owner": "Mic92",
        "repo": "sops-nix",
        "rev": "7918c59b392f23665c0b726d4c640d14be4b0b8b",
        "type": "github"
      },
      "original": {
        "owner": "Mic92",
        "repo": "sops-nix",
        "type": "github"
      }
    }
  },
  "root": "root",
  "version": 7
}
