# This file was autogenerated by Stack.
# You should not edit this file by hand.
# For more information, please see the documentation at:
#   https://docs.haskellstack.org/en/stable/lock_files

packages:
- completed:
    name: c2hs
    version: 0.28.6
    git: https://github.com/haskell/c2hs.git
    pantry-tree:
      size: 19947
      sha256: 920faf440d95d31246d1d4edce6c7cdfd74de7e02e16401f759a60c994ac7ff3
    commit: 20d3c8dedde83af91c4ac06486bf346316e07285
  original:
    git: https://github.com/haskell/c2hs.git
    commit: 20d3c8dedde83af91c4ac06486bf346316e07285
snapshots:
- completed:
    size: 532381
    url: https://raw.githubusercontent.com/commercialhaskell/stackage-snapshots/master/lts/16/13.yaml
    sha256: 6ee17f7996e5bc75ae4406250841f1362ad4196418a4d90a0615ff4f26ac98df
  original: lts-16.13
