{
  "nodes": {
    "aioproxy": {
      "inputs": {
        "flake-utils": [
          "flake-utils"
        ],
        "gomod2nix": [
          "gomod2nix"
        ],
        "nixpkgs": [
          "nixpkgs"
        ]
      },
      "locked": {
        "lastModified": 1618402489,
        "narHash": "sha256-DIrMnZL1ntSU6iqFJ9/zzj4dYFj74nHwrgnc/av8wBE=",
        "owner": "contrun",
        "repo": "aioproxy",
        "rev": "bfaf0d09b22b6483b64af4a648a4cbf14050f576",
        "type": "github"
      },
      "original": {
        "owner": "contrun",
        "ref": "master",
        "repo": "aioproxy",
        "type": "github"
      }
    },
    "authinfo": {
      "flake": false,
      "locked": {
        "lastModified": 1573803694,
        "narHash": "sha256-6517AdiFUvLPmaaigJyPOQCTrfJoxVM/NXdz10n0wDg=",
        "owner": "aartamonau",
        "repo": "authinfo",
        "rev": "0098545479fa81234ebc1c2951610cb8c70f5c44",
        "type": "github"
      },
      "original": {
        "owner": "aartamonau",
        "repo": "authinfo",
        "type": "github"
      }
    },
    "cachix": {
      "locked": {
        "lastModified": 1621511390,
        "narHash": "sha256-isDpLGr73ejAiksS1eW0dOMjEIB+j8b1lyAN++5KmrA=",
        "owner": "nixos",
        "repo": "nixpkgs",
        "rev": "a7064e23973b0f3e1dd56cf4601758fedc38423c",
        "type": "github"
      },
      "original": {
        "owner": "nixos",
        "ref": "nixos-20.09",
        "repo": "nixpkgs",
        "type": "github"
      }
    },
    "emacs-overlay": {
      "locked": {
        "lastModified": 1621592791,
        "narHash": "sha256-t87ElPIX5bGOKEdaddNzwB26WlOd7ugCLkvO5pWXubI=",
        "owner": "nix-community",
        "repo": "emacs-overlay",
        "rev": "f9f4e40f55c9e3d9b0fba29f14ac5d7cffecf675",
        "type": "github"
      },
      "original": {
        "owner": "nix-community",
        "repo": "emacs-overlay",
        "type": "github"
      }
    },
    "flake-firefox-nightly": {
      "inputs": {
        "cachix": "cachix",
        "mozilla": "mozilla",
        "nixpkgs": [
          "nixpkgs"
        ]
      },
      "locked": {
        "lastModified": 1621555233,
        "narHash": "sha256-T12CLO1IxnKCJmi3oOW9GdS2cZmOviwraxbwD2GAg0A=",
        "owner": "colemickens",
        "repo": "flake-firefox-nightly",
        "rev": "1a797c2e2933286add41d3c7efb8920b32ad9e16",
        "type": "github"
      },
      "original": {
        "owner": "colemickens",
        "repo": "flake-firefox-nightly",
        "type": "github"
      }
    },
    "flake-utils": {
      "locked": {
        "lastModified": 1620759905,
        "narHash": "sha256-WiyWawrgmyN0EdmiHyG2V+fqReiVi8bM9cRdMaKQOFg=",
        "owner": "numtide",
        "repo": "flake-utils",
        "rev": "b543720b25df6ffdfcf9227afafc5b8c1fabfae8",
        "type": "github"
      },
      "original": {
        "owner": "numtide",
        "repo": "flake-utils",
        "type": "github"
      }
    },
    "gomod2nix": {
      "inputs": {
        "nixpkgs": [
          "nixpkgs"
        ],
        "utils": [
          "flake-utils"
        ]
      },
      "locked": {
        "lastModified": 1617032337,
        "narHash": "sha256-BTmMxdIJyjOvOpNOaExcyvmJKI9OuhpWyXfOK164Epc=",
        "owner": "tweag",
        "repo": "gomod2nix",
        "rev": "c78d7b9f15a24eba95fbc228509f513c83709d8b",
        "type": "github"
      },
      "original": {
        "owner": "tweag",
        "repo": "gomod2nix",
        "type": "github"
      }
    },
    "home-manager": {
      "inputs": {
        "nixpkgs": [
          "nixpkgs"
        ]
      },
      "locked": {
        "lastModified": 1621563835,
        "narHash": "sha256-Btxd5nzsEDRXue/J/IjDHLJp0bNIMTYZGJ+AHPoZt78=",
        "owner": "nix-community",
        "repo": "home-manager",
        "rev": "82ab1ad46746cd05e992c02d4636177e1b55ce1f",
        "type": "github"
      },
      "original": {
        "owner": "nix-community",
        "ref": "master",
        "repo": "home-manager",
        "type": "github"
      }
    },
    "infra": {
      "inputs": {
        "flake-utils": [
          "flake-utils"
        ],
        "gomod2nix": [
          "gomod2nix"
        ],
        "nixpkgs": [
          "nixpkgs"
        ]
      },
      "locked": {
        "lastModified": 1619163546,
        "narHash": "sha256-7J9qbNmmpEIpBMw7O/shyCm2mDFvNIYOSor0Zz/8MWQ=",
        "owner": "contrun",
        "repo": "infra",
        "rev": "ac7d148e95d455b2fc64ddfbc8c2c343a19a06f7",
        "type": "github"
      },
      "original": {
        "owner": "contrun",
        "ref": "master",
        "repo": "infra",
        "type": "github"
      }
    },
    "mozilla": {
      "flake": false,
      "locked": {
        "lastModified": 1603906276,
        "narHash": "sha256-RsNPnEKd7BcogwkqhaV5kI/HuNC4flH/OQCC/4W5y/8=",
        "owner": "mozilla",
        "repo": "nixpkgs-mozilla",
        "rev": "8c007b60731c07dd7a052cce508de3bb1ae849b4",
        "type": "github"
      },
      "original": {
        "owner": "mozilla",
        "repo": "nixpkgs-mozilla",
        "type": "github"
      }
    },
    "nixpkgs": {
      "locked": {
        "lastModified": 1621288494,
        "narHash": "sha256-3lQCSw8/J076UwoQhtSVymOibLuojlqF9BAMP6X+/48=",
        "owner": "NixOS",
        "repo": "nixpkgs",
        "rev": "673aea9f84c955c94b105797fdc56007017af4db",
        "type": "github"
      },
      "original": {
        "owner": "NixOS",
        "ref": "nixos-unstable",
        "repo": "nixpkgs",
        "type": "github"
      }
    },
    "nixpkgs-mozilla": {
      "flake": false,
      "locked": {
        "lastModified": 1603906276,
        "narHash": "sha256-RsNPnEKd7BcogwkqhaV5kI/HuNC4flH/OQCC/4W5y/8=",
        "owner": "mozilla",
        "repo": "nixpkgs-mozilla",
        "rev": "8c007b60731c07dd7a052cce508de3bb1ae849b4",
        "type": "github"
      },
      "original": {
        "owner": "mozilla",
        "repo": "nixpkgs-mozilla",
        "type": "github"
      }
    },
    "nixpkgs-stable": {
      "locked": {
        "lastModified": 1621511390,
        "narHash": "sha256-isDpLGr73ejAiksS1eW0dOMjEIB+j8b1lyAN++5KmrA=",
        "owner": "NixOS",
        "repo": "nixpkgs",
        "rev": "a7064e23973b0f3e1dd56cf4601758fedc38423c",
        "type": "github"
      },
      "original": {
        "owner": "NixOS",
        "ref": "nixos-20.09",
        "repo": "nixpkgs",
        "type": "github"
      }
    },
    "nixpkgs-unstable": {
      "locked": {
        "lastModified": 1621288494,
        "narHash": "sha256-3lQCSw8/J076UwoQhtSVymOibLuojlqF9BAMP6X+/48=",
        "owner": "NixOS",
        "repo": "nixpkgs",
        "rev": "673aea9f84c955c94b105797fdc56007017af4db",
        "type": "github"
      },
      "original": {
        "owner": "NixOS",
        "ref": "nixos-unstable",
        "repo": "nixpkgs",
        "type": "github"
      }
    },
    "nur-no-pkgs": {
      "locked": {
        "lastModified": 1621582416,
        "narHash": "sha256-Ce1zu5dr60OVW9UX+lxiihLK0IJ/mQjxocvIgra8EvI=",
        "owner": "nix-community",
        "repo": "NUR",
        "rev": "06ab4696ede713308e3076dea5bdf58fa4b0c15d",
        "type": "github"
      },
      "original": {
        "owner": "nix-community",
        "ref": "master",
        "repo": "NUR",
        "type": "github"
      }
    },
    "old-ghc-nix": {
      "flake": false,
      "locked": {
        "lastModified": 1620730237,
        "narHash": "sha256-zRrvP/EVgCvyyjBSv51jFn9rrNRFw8WI7WnSQ93E0Uk=",
        "owner": "mpickering",
        "repo": "old-ghc-nix",
        "rev": "11837e907c04e941a92381fd74e404f20b772e27",
        "type": "github"
      },
      "original": {
        "owner": "mpickering",
        "repo": "old-ghc-nix",
        "type": "github"
      }
    },
    "root": {
      "inputs": {
        "aioproxy": "aioproxy",
        "authinfo": "authinfo",
        "emacs-overlay": "emacs-overlay",
        "flake-firefox-nightly": "flake-firefox-nightly",
        "flake-utils": "flake-utils",
        "gomod2nix": "gomod2nix",
        "home-manager": "home-manager",
        "infra": "infra",
        "nixpkgs": "nixpkgs",
        "nixpkgs-mozilla": "nixpkgs-mozilla",
        "nixpkgs-stable": "nixpkgs-stable",
        "nixpkgs-unstable": "nixpkgs-unstable",
        "nur-no-pkgs": "nur-no-pkgs",
        "old-ghc-nix": "old-ghc-nix",
        "sops-nix": "sops-nix"
      }
    },
    "sops-nix": {
      "inputs": {
        "nixpkgs": [
          "nixpkgs"
        ]
      },
      "locked": {
        "lastModified": 1618840526,
        "narHash": "sha256-3VAac44xE+kO8o7BQXLqHrAMUQT+XqIK8BcLkEEDwOA=",
        "owner": "Mic92",
        "repo": "sops-nix",
        "rev": "4f384662a85804fa2bc1bc1f99e70bb468e76f88",
        "type": "github"
      },
      "original": {
        "owner": "Mic92",
        "repo": "sops-nix",
        "type": "github"
      }
    }
  },
  "root": "root",
  "version": 7
}
